
Microsoft Visual Studio Solution File, Format Version 12.00
# Visual Studio 14
VisualStudioVersion = 14.0.25420.1
MinimumVisualStudioVersion = 10.0.40219.1
Project("{FAE04EC0-301F-11D3-BF4B-00C04F79EFBC}") = "Progetto", "Progetto\Progetto.csproj", "{74D02186-0532-487D-863E-F427B99FC866}"
EndProject
Project("{FAE04EC0-301F-11D3-BF4B-00C04F79EFBC}") = "Progetto.Models", "Progetto.Models\Progetto.Models.csproj", "{DD163601-74F7-4C14-BF19-A58698EA8994}"
EndProject
Project("{FAE04EC0-301F-11D3-BF4B-00C04F79EFBC}") = "Progetto.Tests", "Progetto.Tests\Progetto.Tests.csproj", "{D73FC71E-EFC1-4CC3-95BA-F9FD797CC4CF}"
EndProject
Project("{FAE04EC0-301F-11D3-BF4B-00C04F79EFBC}") = "Progetto.TestFileSystemIO", "Progetto.TestFileSystemIO\Progetto.TestFileSystemIO.csproj", "{E35B30F6-0E4C-47BB-9C20-E96A10F0EF86}"
EndProject
Project("{FAE04EC0-301F-11D3-BF4B-00C04F79EFBC}") = "Progetto.TestSerializzazioneXML", "Progetto.TestSerializzazioneXML\Progetto.TestSerializzazioneXML.csproj", "{F8D16794-39D0-41A0-8022-18C3207421E7}"
EndProject
Project("{FAE04EC0-301F-11D3-BF4B-00C04F79EFBC}") = "Progetto.TestLettura", "Progetto.TestLettura\Progetto.TestLettura.csproj", "{AEC7ED2A-D741-480E-8D01-725F8837510B}"
EndProject
Project("{FAE04EC0-301F-11D3-BF4B-00C04F79EFBC}") = "Progetto.Servizi", "Progetto.Servizi\Progetto.Servizi.csproj", "{80256343-CC58-48F9-A30E-853D0ADBBD9B}"
EndProject
Project("{FAE04EC0-301F-11D3-BF4B-00C04F79EFBC}") = "Progetto.client.wpf", "Progetto.client.wpf\Progetto.client.wpf.csproj", "{FD942A7B-16B2-40F3-96A2-CFCF29891C80}"
EndProject
Project("{FAE04EC0-301F-11D3-BF4B-00C04F79EFBC}") = "Progetto.business", "Progetto.business\Progetto.business.csproj", "{944B17B8-7872-4E1C-B575-FFBC0CD030D2}"
EndProject
Project("{FAE04EC0-301F-11D3-BF4B-00C04F79EFBC}") = "progetto.ClientVpfLibrerieBusinness", "progetto.ClientVpfLibrerieBusinness\progetto.ClientVpfLibrerieBusinness.csproj", "{CD105C09-C990-4841-B401-0D002322328F}"
EndProject
Global
	GlobalSection(SolutionConfigurationPlatforms) = preSolution
		Debug|Any CPU = Debug|Any CPU
		Release|Any CPU = Release|Any CPU
	EndGlobalSection
	GlobalSection(ProjectConfigurationPlatforms) = postSolution
		{74D02186-0532-487D-863E-F427B99FC866}.Debug|Any CPU.ActiveCfg = Debug|Any CPU
		{74D02186-0532-487D-863E-F427B99FC866}.Debug|Any CPU.Build.0 = Debug|Any CPU
		{74D02186-0532-487D-863E-F427B99FC866}.Release|Any CPU.ActiveCfg = Release|Any CPU
		{74D02186-0532-487D-863E-F427B99FC866}.Release|Any CPU.Build.0 = Release|Any CPU
		{DD163601-74F7-4C14-BF19-A58698EA8994}.Debug|Any CPU.ActiveCfg = Debug|Any CPU
		{DD163601-74F7-4C14-BF19-A58698EA8994}.Debug|Any CPU.Build.0 = Debug|Any CPU
		{DD163601-74F7-4C14-BF19-A58698EA8994}.Release|Any CPU.ActiveCfg = Release|Any CPU
		{DD163601-74F7-4C14-BF19-A58698EA8994}.Release|Any CPU.Build.0 = Release|Any CPU
		{D73FC71E-EFC1-4CC3-95BA-F9FD797CC4CF}.Debug|Any CPU.ActiveCfg = Debug|Any CPU
		{D73FC71E-EFC1-4CC3-95BA-F9FD797CC4CF}.Debug|Any CPU.Build.0 = Debug|Any CPU
		{D73FC71E-EFC1-4CC3-95BA-F9FD797CC4CF}.Release|Any CPU.ActiveCfg = Release|Any CPU
		{D73FC71E-EFC1-4CC3-95BA-F9FD797CC4CF}.Release|Any CPU.Build.0 = Release|Any CPU
		{E35B30F6-0E4C-47BB-9C20-E96A10F0EF86}.Debug|Any CPU.ActiveCfg = Debug|Any CPU
		{E35B30F6-0E4C-47BB-9C20-E96A10F0EF86}.Debug|Any CPU.Build.0 = Debug|Any CPU
		{E35B30F6-0E4C-47BB-9C20-E96A10F0EF86}.Release|Any CPU.ActiveCfg = Release|Any CPU
		{E35B30F6-0E4C-47BB-9C20-E96A10F0EF86}.Release|Any CPU.Build.0 = Release|Any CPU
		{F8D16794-39D0-41A0-8022-18C3207421E7}.Debug|Any CPU.ActiveCfg = Debug|Any CPU
		{F8D16794-39D0-41A0-8022-18C3207421E7}.Debug|Any CPU.Build.0 = Debug|Any CPU
		{F8D16794-39D0-41A0-8022-18C3207421E7}.Release|Any CPU.ActiveCfg = Release|Any CPU
		{F8D16794-39D0-41A0-8022-18C3207421E7}.Release|Any CPU.Build.0 = Release|Any CPU
		{AEC7ED2A-D741-480E-8D01-725F8837510B}.Debug|Any CPU.ActiveCfg = Debug|Any CPU
		{AEC7ED2A-D741-480E-8D01-725F8837510B}.Debug|Any CPU.Build.0 = Debug|Any CPU
		{AEC7ED2A-D741-480E-8D01-725F8837510B}.Release|Any CPU.ActiveCfg = Release|Any CPU
		{AEC7ED2A-D741-480E-8D01-725F8837510B}.Release|Any CPU.Build.0 = Release|Any CPU
		{80256343-CC58-48F9-A30E-853D0ADBBD9B}.Debug|Any CPU.ActiveCfg = Debug|Any CPU
		{80256343-CC58-48F9-A30E-853D0ADBBD9B}.Debug|Any CPU.Build.0 = Debug|Any CPU
		{80256343-CC58-48F9-A30E-853D0ADBBD9B}.Release|Any CPU.ActiveCfg = Release|Any CPU
		{80256343-CC58-48F9-A30E-853D0ADBBD9B}.Release|Any CPU.Build.0 = Release|Any CPU
		{FD942A7B-16B2-40F3-96A2-CFCF29891C80}.Debug|Any CPU.ActiveCfg = Debug|Any CPU
		{FD942A7B-16B2-40F3-96A2-CFCF29891C80}.Debug|Any CPU.Build.0 = Debug|Any CPU
		{FD942A7B-16B2-40F3-96A2-CFCF29891C80}.Release|Any CPU.ActiveCfg = Release|Any CPU
		{FD942A7B-16B2-40F3-96A2-CFCF29891C80}.Release|Any CPU.Build.0 = Release|Any CPU
		{944B17B8-7872-4E1C-B575-FFBC0CD030D2}.Debug|Any CPU.ActiveCfg = Debug|Any CPU
		{944B17B8-7872-4E1C-B575-FFBC0CD030D2}.Debug|Any CPU.Build.0 = Debug|Any CPU
		{944B17B8-7872-4E1C-B575-FFBC0CD030D2}.Release|Any CPU.ActiveCfg = Release|Any CPU
		{944B17B8-7872-4E1C-B575-FFBC0CD030D2}.Release|Any CPU.Build.0 = Release|Any CPU
		{CD105C09-C990-4841-B401-0D002322328F}.Debug|Any CPU.ActiveCfg = Debug|Any CPU
		{CD105C09-C990-4841-B401-0D002322328F}.Debug|Any CPU.Build.0 = Debug|Any CPU
		{CD105C09-C990-4841-B401-0D002322328F}.Release|Any CPU.ActiveCfg = Release|Any CPU
		{CD105C09-C990-4841-B401-0D002322328F}.Release|Any CPU.Build.0 = Release|Any CPU
	EndGlobalSection
	GlobalSection(SolutionProperties) = preSolution
		HideSolutionNode = FALSE
	EndGlobalSection
EndGlobal
